
Microsoft Visual Studio Solution File, Format Version 12.00
# Visual Studio Version 17
VisualStudioVersion = 17.4.33213.308
MinimumVisualStudioVersion = 10.0.40219.1
Project("{9A19103F-16F7-4668-BE54-9A1E7A4F7556}") = "Bank", "Bank\Bank.csproj", "{F27642D5-3B0E-411F-B321-937A7BD7C77E}"
EndProject
Project("{FAE04EC0-301F-11D3-BF4B-00C04F79EFBC}") = "BankTests", "BankTests\BankTests.csproj", "{8094592A-6260-4D33-BB76-9DAD3B39A394}"
EndProject
Global
	GlobalSection(SolutionConfigurationPlatforms) = preSolution
		Debug|Any CPU = Debug|Any CPU
		Release|Any CPU = Release|Any CPU
	EndGlobalSection
	GlobalSection(ProjectConfigurationPlatforms) = postSolution
		{F27642D5-3B0E-411F-B321-937A7BD7C77E}.Debug|Any CPU.ActiveCfg = Debug|Any CPU
		{F27642D5-3B0E-411F-B321-937A7BD7C77E}.Debug|Any CPU.Build.0 = Debug|Any CPU
		{F27642D5-3B0E-411F-B321-937A7BD7C77E}.Release|Any CPU.ActiveCfg = Release|Any CPU
		{F27642D5-3B0E-411F-B321-937A7BD7C77E}.Release|Any CPU.Build.0 = Release|Any CPU
		{8094592A-6260-4D33-BB76-9DAD3B39A394}.Debug|Any CPU.ActiveCfg = Debug|Any CPU
		{8094592A-6260-4D33-BB76-9DAD3B39A394}.Debug|Any CPU.Build.0 = Debug|Any CPU
		{8094592A-6260-4D33-BB76-9DAD3B39A394}.Release|Any CPU.ActiveCfg = Release|Any CPU
		{8094592A-6260-4D33-BB76-9DAD3B39A394}.Release|Any CPU.Build.0 = Release|Any CPU
	EndGlobalSection
	GlobalSection(SolutionProperties) = preSolution
		HideSolutionNode = FALSE
	EndGlobalSection
	GlobalSection(ExtensibilityGlobals) = postSolution
		SolutionGuid = {405BDE4B-6902-431E-9398-BE12A18ED0F6}
	EndGlobalSection
EndGlobal
